
Microsoft Visual Studio Solution File, Format Version 12.00
# Visual Studio Version 17
VisualStudioVersion = 17.5.002.0
MinimumVisualStudioVersion = 10.0.40219.1
Project("{2150E333-8FDC-42A3-9474-1A3956D46DE8}") = "sandbox", "sandbox", "{FF031C37-F95E-47AB-AB81-B2041B2D15EE}"
EndProject
Project("{9A19103F-16F7-4668-BE54-9A1E7A4F7556}") = "sandbox_project", "sandbox\sandbox_project\sandbox_project.csproj", "{CE447851-8E10-4F5C-B82C-AA4A810260B0}"
EndProject
Project("{2150E333-8FDC-42A3-9474-1A3956D46DE8}") = "week01", "week01", "{DB286AE4-BC0C-4BF7-B33B-8D9A6C417769}"
EndProject
Project("{9A19103F-16F7-4668-BE54-9A1E7A4F7556}") = "analyze", "week01\analyze\analyze.csproj", "{8A8A1A95-FC47-4A96-9E0E-C39F74334F50}"
EndProject
Project("{9A19103F-16F7-4668-BE54-9A1E7A4F7556}") = "code", "week01\code\code.csproj", "{CA515FDC-7EDE-410B-ADD8-CE528A846747}"
EndProject
Project("{9A19103F-16F7-4668-BE54-9A1E7A4F7556}") = "teach", "week01\teach\teach.csproj", "{379EBC3D-A60D-463B-A99D-381B3FE96B24}"
EndProject
Project("{2150E333-8FDC-42A3-9474-1A3956D46DE8}") = "week02", "week02", "{5A95C7F0-78A2-4E64-AB7A-3180920F1527}"
EndProject
Project("{9A19103F-16F7-4668-BE54-9A1E7A4F7556}") = "analyze", "week02\analyze\analyze.csproj", "{7EF24271-9CFA-4E09-9D0E-09A1A9163078}"
EndProject
Project("{9A19103F-16F7-4668-BE54-9A1E7A4F7556}") = "code", "week02\code\code.csproj", "{95CA96CD-B0AD-45D8-A2CE-BE2CF92A89D1}"
EndProject
Project("{9A19103F-16F7-4668-BE54-9A1E7A4F7556}") = "learn", "week02\learn\learn.csproj", "{5A9C3B0B-1749-4A7F-B3E7-CEA946C5C42C}"
EndProject
Project("{9A19103F-16F7-4668-BE54-9A1E7A4F7556}") = "teach", "week02\teach\teach.csproj", "{5FA3AEC1-8342-43A5-82C4-7E2A5C024480}"
EndProject
Project("{2150E333-8FDC-42A3-9474-1A3956D46DE8}") = "week03", "week03", "{C35F10A6-0B4A-41EE-8B3E-13442D8BD418}"
EndProject
Project("{9A19103F-16F7-4668-BE54-9A1E7A4F7556}") = "code", "week03\code\code.csproj", "{CD15D4C8-B3E8-42AE-9423-6B033F4EBBF7}"
EndProject
Project("{9A19103F-16F7-4668-BE54-9A1E7A4F7556}") = "learn", "week03\learn\learn.csproj", "{E83ACB21-F779-4BE3-922B-CAB3C1ECA7D6}"
EndProject
Project("{9A19103F-16F7-4668-BE54-9A1E7A4F7556}") = "teach", "week03\teach\teach.csproj", "{8490830F-19CD-40C9-9967-C241B7E9A152}"
EndProject
Project("{2150E333-8FDC-42A3-9474-1A3956D46DE8}") = "week04", "week04", "{2537F854-C852-48E6-9E19-7B3A3FD4E6BF}"
EndProject
Project("{9A19103F-16F7-4668-BE54-9A1E7A4F7556}") = "code", "week04\code\code.csproj", "{63906A24-648E-4223-BF41-12A13E8CA142}"
EndProject
Project("{2150E333-8FDC-42A3-9474-1A3956D46DE8}") = "week05", "week05", "{8C74A0E2-6915-49B7-BFB3-35C51CC5B990}"
EndProject
Project("{9A19103F-16F7-4668-BE54-9A1E7A4F7556}") = "code", "week05\code\code.csproj", "{113E88B2-2ED1-4BC1-B3F0-9D80E9FFC395}"
EndProject
Project("{2150E333-8FDC-42A3-9474-1A3956D46DE8}") = "week06", "week06", "{C27F09AB-7062-4FF1-8853-B1CC77976FB3}"
EndProject
Project("{9A19103F-16F7-4668-BE54-9A1E7A4F7556}") = "code", "week06\code\code.csproj", "{83BC44EF-DAC6-4235-B48D-CBED1447AF0D}"
EndProject
Global
	GlobalSection(SolutionConfigurationPlatforms) = preSolution
		Debug|Any CPU = Debug|Any CPU
		Release|Any CPU = Release|Any CPU
	EndGlobalSection
	GlobalSection(ProjectConfigurationPlatforms) = postSolution
		{CE447851-8E10-4F5C-B82C-AA4A810260B0}.Debug|Any CPU.ActiveCfg = Debug|Any CPU
		{CE447851-8E10-4F5C-B82C-AA4A810260B0}.Debug|Any CPU.Build.0 = Debug|Any CPU
		{CE447851-8E10-4F5C-B82C-AA4A810260B0}.Release|Any CPU.ActiveCfg = Release|Any CPU
		{CE447851-8E10-4F5C-B82C-AA4A810260B0}.Release|Any CPU.Build.0 = Release|Any CPU
		{8A8A1A95-FC47-4A96-9E0E-C39F74334F50}.Debug|Any CPU.ActiveCfg = Debug|Any CPU
		{8A8A1A95-FC47-4A96-9E0E-C39F74334F50}.Debug|Any CPU.Build.0 = Debug|Any CPU
		{8A8A1A95-FC47-4A96-9E0E-C39F74334F50}.Release|Any CPU.ActiveCfg = Release|Any CPU
		{8A8A1A95-FC47-4A96-9E0E-C39F74334F50}.Release|Any CPU.Build.0 = Release|Any CPU
		{CA515FDC-7EDE-410B-ADD8-CE528A846747}.Debug|Any CPU.ActiveCfg = Debug|Any CPU
		{CA515FDC-7EDE-410B-ADD8-CE528A846747}.Debug|Any CPU.Build.0 = Debug|Any CPU
		{CA515FDC-7EDE-410B-ADD8-CE528A846747}.Release|Any CPU.ActiveCfg = Release|Any CPU
		{CA515FDC-7EDE-410B-ADD8-CE528A846747}.Release|Any CPU.Build.0 = Release|Any CPU
		{379EBC3D-A60D-463B-A99D-381B3FE96B24}.Debug|Any CPU.ActiveCfg = Debug|Any CPU
		{379EBC3D-A60D-463B-A99D-381B3FE96B24}.Debug|Any CPU.Build.0 = Debug|Any CPU
		{379EBC3D-A60D-463B-A99D-381B3FE96B24}.Release|Any CPU.ActiveCfg = Release|Any CPU
		{379EBC3D-A60D-463B-A99D-381B3FE96B24}.Release|Any CPU.Build.0 = Release|Any CPU
		{7EF24271-9CFA-4E09-9D0E-09A1A9163078}.Debug|Any CPU.ActiveCfg = Debug|Any CPU
		{7EF24271-9CFA-4E09-9D0E-09A1A9163078}.Debug|Any CPU.Build.0 = Debug|Any CPU
		{7EF24271-9CFA-4E09-9D0E-09A1A9163078}.Release|Any CPU.ActiveCfg = Release|Any CPU
		{7EF24271-9CFA-4E09-9D0E-09A1A9163078}.Release|Any CPU.Build.0 = Release|Any CPU
		{95CA96CD-B0AD-45D8-A2CE-BE2CF92A89D1}.Debug|Any CPU.ActiveCfg = Debug|Any CPU
		{95CA96CD-B0AD-45D8-A2CE-BE2CF92A89D1}.Debug|Any CPU.Build.0 = Debug|Any CPU
		{95CA96CD-B0AD-45D8-A2CE-BE2CF92A89D1}.Release|Any CPU.ActiveCfg = Release|Any CPU
		{95CA96CD-B0AD-45D8-A2CE-BE2CF92A89D1}.Release|Any CPU.Build.0 = Release|Any CPU
		{5A9C3B0B-1749-4A7F-B3E7-CEA946C5C42C}.Debug|Any CPU.ActiveCfg = Debug|Any CPU
		{5A9C3B0B-1749-4A7F-B3E7-CEA946C5C42C}.Debug|Any CPU.Build.0 = Debug|Any CPU
		{5A9C3B0B-1749-4A7F-B3E7-CEA946C5C42C}.Release|Any CPU.ActiveCfg = Release|Any CPU
		{5A9C3B0B-1749-4A7F-B3E7-CEA946C5C42C}.Release|Any CPU.Build.0 = Release|Any CPU
		{5FA3AEC1-8342-43A5-82C4-7E2A5C024480}.Debug|Any CPU.ActiveCfg = Debug|Any CPU
		{5FA3AEC1-8342-43A5-82C4-7E2A5C024480}.Debug|Any CPU.Build.0 = Debug|Any CPU
		{5FA3AEC1-8342-43A5-82C4-7E2A5C024480}.Release|Any CPU.ActiveCfg = Release|Any CPU
		{5FA3AEC1-8342-43A5-82C4-7E2A5C024480}.Release|Any CPU.Build.0 = Release|Any CPU
		{CD15D4C8-B3E8-42AE-9423-6B033F4EBBF7}.Debug|Any CPU.ActiveCfg = Debug|Any CPU
		{CD15D4C8-B3E8-42AE-9423-6B033F4EBBF7}.Debug|Any CPU.Build.0 = Debug|Any CPU
		{CD15D4C8-B3E8-42AE-9423-6B033F4EBBF7}.Release|Any CPU.ActiveCfg = Release|Any CPU
		{CD15D4C8-B3E8-42AE-9423-6B033F4EBBF7}.Release|Any CPU.Build.0 = Release|Any CPU
		{E83ACB21-F779-4BE3-922B-CAB3C1ECA7D6}.Debug|Any CPU.ActiveCfg = Debug|Any CPU
		{E83ACB21-F779-4BE3-922B-CAB3C1ECA7D6}.Debug|Any CPU.Build.0 = Debug|Any CPU
		{E83ACB21-F779-4BE3-922B-CAB3C1ECA7D6}.Release|Any CPU.ActiveCfg = Release|Any CPU
		{E83ACB21-F779-4BE3-922B-CAB3C1ECA7D6}.Release|Any CPU.Build.0 = Release|Any CPU
		{8490830F-19CD-40C9-9967-C241B7E9A152}.Debug|Any CPU.ActiveCfg = Debug|Any CPU
		{8490830F-19CD-40C9-9967-C241B7E9A152}.Debug|Any CPU.Build.0 = Debug|Any CPU
		{8490830F-19CD-40C9-9967-C241B7E9A152}.Release|Any CPU.ActiveCfg = Release|Any CPU
		{8490830F-19CD-40C9-9967-C241B7E9A152}.Release|Any CPU.Build.0 = Release|Any CPU
		{63906A24-648E-4223-BF41-12A13E8CA142}.Debug|Any CPU.ActiveCfg = Debug|Any CPU
		{63906A24-648E-4223-BF41-12A13E8CA142}.Debug|Any CPU.Build.0 = Debug|Any CPU
		{63906A24-648E-4223-BF41-12A13E8CA142}.Release|Any CPU.ActiveCfg = Release|Any CPU
		{63906A24-648E-4223-BF41-12A13E8CA142}.Release|Any CPU.Build.0 = Release|Any CPU
		{113E88B2-2ED1-4BC1-B3F0-9D80E9FFC395}.Debug|Any CPU.ActiveCfg = Debug|Any CPU
		{113E88B2-2ED1-4BC1-B3F0-9D80E9FFC395}.Debug|Any CPU.Build.0 = Debug|Any CPU
		{113E88B2-2ED1-4BC1-B3F0-9D80E9FFC395}.Release|Any CPU.ActiveCfg = Release|Any CPU
		{113E88B2-2ED1-4BC1-B3F0-9D80E9FFC395}.Release|Any CPU.Build.0 = Release|Any CPU
		{83BC44EF-DAC6-4235-B48D-CBED1447AF0D}.Debug|Any CPU.ActiveCfg = Debug|Any CPU
		{83BC44EF-DAC6-4235-B48D-CBED1447AF0D}.Debug|Any CPU.Build.0 = Debug|Any CPU
		{83BC44EF-DAC6-4235-B48D-CBED1447AF0D}.Release|Any CPU.ActiveCfg = Release|Any CPU
		{83BC44EF-DAC6-4235-B48D-CBED1447AF0D}.Release|Any CPU.Build.0 = Release|Any CPU
	EndGlobalSection
	GlobalSection(SolutionProperties) = preSolution
		HideSolutionNode = FALSE
	EndGlobalSection
	GlobalSection(NestedProjects) = preSolution
		{CE447851-8E10-4F5C-B82C-AA4A810260B0} = {FF031C37-F95E-47AB-AB81-B2041B2D15EE}
		{8A8A1A95-FC47-4A96-9E0E-C39F74334F50} = {DB286AE4-BC0C-4BF7-B33B-8D9A6C417769}
		{CA515FDC-7EDE-410B-ADD8-CE528A846747} = {DB286AE4-BC0C-4BF7-B33B-8D9A6C417769}
		{379EBC3D-A60D-463B-A99D-381B3FE96B24} = {DB286AE4-BC0C-4BF7-B33B-8D9A6C417769}
		{7EF24271-9CFA-4E09-9D0E-09A1A9163078} = {5A95C7F0-78A2-4E64-AB7A-3180920F1527}
		{95CA96CD-B0AD-45D8-A2CE-BE2CF92A89D1} = {5A95C7F0-78A2-4E64-AB7A-3180920F1527}
		{5A9C3B0B-1749-4A7F-B3E7-CEA946C5C42C} = {5A95C7F0-78A2-4E64-AB7A-3180920F1527}
		{5FA3AEC1-8342-43A5-82C4-7E2A5C024480} = {5A95C7F0-78A2-4E64-AB7A-3180920F1527}
		{CD15D4C8-B3E8-42AE-9423-6B033F4EBBF7} = {C35F10A6-0B4A-41EE-8B3E-13442D8BD418}
		{E83ACB21-F779-4BE3-922B-CAB3C1ECA7D6} = {C35F10A6-0B4A-41EE-8B3E-13442D8BD418}
		{8490830F-19CD-40C9-9967-C241B7E9A152} = {C35F10A6-0B4A-41EE-8B3E-13442D8BD418}
		{63906A24-648E-4223-BF41-12A13E8CA142} = {2537F854-C852-48E6-9E19-7B3A3FD4E6BF}
		{113E88B2-2ED1-4BC1-B3F0-9D80E9FFC395} = {8C74A0E2-6915-49B7-BFB3-35C51CC5B990}
		{83BC44EF-DAC6-4235-B48D-CBED1447AF0D} = {C27F09AB-7062-4FF1-8853-B1CC77976FB3}
	EndGlobalSection
	GlobalSection(ExtensibilityGlobals) = postSolution
		SolutionGuid = {0B44C1BE-47E0-4744-93E9-6F3B5D3914FE}
	EndGlobalSection
EndGlobal
